
Microsoft Visual Studio Solution File, Format Version 12.00
# Visual Studio Version 17
VisualStudioVersion = 17.0.32002.185
MinimumVisualStudioVersion = 10.0.40219.1
Project("{9A19103F-16F7-4668-BE54-9A1E7A4F7556}") = "Corlib.Tests.Performance", "Tests\Corlib.Tests.Performance\Corlib.Tests.Performance.csproj", "{44FC2350-4999-4A9B-9EDF-CF6AB5639C55}"
EndProject
Project("{9A19103F-16F7-4668-BE54-9A1E7A4F7556}") = "PresentationCore.Extensions", "PresentationCore.Extensions\PresentationCore.Extensions.csproj", "{18FC3D2F-C94A-4F26-B10B-B447CA29B557}"
EndProject
Project("{9A19103F-16F7-4668-BE54-9A1E7A4F7556}") = "ASP.NET.Extensions", "ASP.NET.Extensions\ASP.NET.Extensions.csproj", "{E38E15AA-7EF9-42FD-AACC-F91368094270}"
EndProject
Project("{9A19103F-16F7-4668-BE54-9A1E7A4F7556}") = "System.Windows.Forms.Extensions", "System.Windows.Forms.Extensions\System.Windows.Forms.Extensions.csproj", "{6970B073-ED87-4497-ABF9-AFA01FEBC470}"
EndProject
Project("{9A19103F-16F7-4668-BE54-9A1E7A4F7556}") = "DirectoryServices.Extensions", "System.DirectoryServices.AccountManagement.Extensions\DirectoryServices.Extensions.csproj", "{B1BFAC14-54C8-45CA-A184-6FCAD6597B10}"
EndProject
Project("{9A19103F-16F7-4668-BE54-9A1E7A4F7556}") = "Microsoft.Office.Extensions", "Microsoft.Office.Extensions\Microsoft.Office.Extensions.csproj", "{AEF006E8-BC27-41A9-8CD2-896000CF26EF}"
EndProject
Project("{9A19103F-16F7-4668-BE54-9A1E7A4F7556}") = "Microsoft.Win32.Extensions", "Microsoft.Win32.Extensions\Microsoft.Win32.Extensions.csproj", "{489CCAD0-DDE6-446F-B37E-81573E8E1C43}"
EndProject
Project("{9A19103F-16F7-4668-BE54-9A1E7A4F7556}") = "Backports", "Backports\Backports.csproj", "{B74CC586-BA7A-4A9E-A030-1E5F8DE7E07F}"
EndProject
Project("{9A19103F-16F7-4668-BE54-9A1E7A4F7556}") = "System.Drawing.Extensions", "System.Drawing.Extensions\System.Drawing.Extensions.csproj", "{87DF11FA-5A7B-43BE-9946-2D94CBCB2826}"
EndProject
Project("{2150E333-8FDC-42A3-9474-1A3956D46DE8}") = "Tests", "Tests", "{FA60440D-3003-4C19-92A9-F08490B6AEC7}"
EndProject
Project("{9A19103F-16F7-4668-BE54-9A1E7A4F7556}") = "Corlib.Extensions", "Corlib.Extensions\Corlib.Extensions.csproj", "{703EA8A7-E647-45B4-8F94-DB9D4F60F5B6}"
EndProject
Project("{9A19103F-16F7-4668-BE54-9A1E7A4F7556}") = "Corlib.Tests", "Tests\Corlib.Tests\Corlib.Tests.csproj", "{3BF2FB63-DE3F-4DA4-AEBD-B968902AD325}"
EndProject
Project("{9A19103F-16F7-4668-BE54-9A1E7A4F7556}") = "System.Windows.Forms.Extensions.Tests", "Tests\System.Windows.Forms.Extensions.Tests\System.Windows.Forms.Extensions.Tests.csproj", "{F8E9C9D1-4A7B-4D8C-B5F3-2E6A9C8D1B2F}"
EndProject
Project("{2150E333-8FDC-42A3-9474-1A3956D46DE8}") = "ExternalAnnotations", "ExternalAnnotations", "{0A73474B-0AF6-47CF-B596-8E7CDC9AC001}"
	ProjectSection(SolutionItems) = preProject
		ExternalAnnotations\Backports.xml = ExternalAnnotations\Backports.xml
		ExternalAnnotations\Corlib.Extensions.xml = ExternalAnnotations\Corlib.Extensions.xml
		ExternalAnnotations\DirectoryServices.Extensions.xml = ExternalAnnotations\DirectoryServices.Extensions.xml
		ExternalAnnotations\PresentationCore.Extensions.xml = ExternalAnnotations\PresentationCore.Extensions.xml
		ReSharper.DotSettings = ReSharper.DotSettings
		ExternalAnnotations\System.Drawing.Extensions.xml = ExternalAnnotations\System.Drawing.Extensions.xml
		ExternalAnnotations\System.Windows.Forms.Extensions.xml = ExternalAnnotations\System.Windows.Forms.Extensions.xml
	EndProjectSection
EndProject
Project("{2150E333-8FDC-42A3-9474-1A3956D46DE8}") = "Workflows", "Workflows", "{91D58AC8-D51A-4C58-B890-8DB59D58E4E3}"
	ProjectSection(SolutionItems) = preProject
		.github\workflows\NewBuild.yml = .github\workflows\NewBuild.yml
		.github\workflows\Tests.yml = .github\workflows\Tests.yml
		.github\workflows\UpdateVersions.pl = .github\workflows\UpdateVersions.pl
	EndProjectSection
EndProject
Project("{2150E333-8FDC-42A3-9474-1A3956D46DE8}") = "GitHub", "GitHub", "{8E643B2A-E5CD-4CE8-B7D6-79C93069F863}"
	ProjectSection(SolutionItems) = preProject
		.gitignore = .gitignore
		CODE_OF_CONDUCT.md = CODE_OF_CONDUCT.md
		CONTRIBUTING.md = CONTRIBUTING.md
		.github\FUNDING.yml = .github\FUNDING.yml
		LICENSE = LICENSE
		Readme.md = Readme.md
		SECURITY.md = SECURITY.md
		VersionSpecificSymbols.Common.prop = VersionSpecificSymbols.Common.prop
	EndProjectSection
EndProject
Project("{2150E333-8FDC-42A3-9474-1A3956D46DE8}") = "Templates", "Templates", "{4A960D64-0B81-489D-8F27-FC4B296A9697}"
	ProjectSection(SolutionItems) = preProject
		.github\ISSUE_TEMPLATE\bug_report.md = .github\ISSUE_TEMPLATE\bug_report.md
		.github\ISSUE_TEMPLATE\feature_request.md = .github\ISSUE_TEMPLATE\feature_request.md
	EndProjectSection
EndProject
Project("{2150E333-8FDC-42A3-9474-1A3956D46DE8}") = "Compilation", "Compilation", "{08CA0DB8-2C9F-464C-930F-2858DE6433E2}"
	ProjectSection(SolutionItems) = preProject
		VersionSpecificSymbols.Common.prop = VersionSpecificSymbols.Common.prop
	EndProjectSection
EndProject
Project("{2150E333-8FDC-42A3-9474-1A3956D46DE8}") = "Projektmappenelemente", "Projektmappenelemente", "{0B7E9C4B-62ED-41C7-A9A6-69DB4C1847B4}"
	ProjectSection(SolutionItems) = preProject
		.editorconfig = .editorconfig
	EndProjectSection
EndProject
Project("{FAE04EC0-301F-11D3-BF4B-00C04F79EFBC}") = "Backports.Tests", "Tests\Backports.Tests\Backports.Tests.csproj", "{E19FEBF5-674E-4134-BF92-8B15A7F3BA5C}"
EndProject
Global
	GlobalSection(SolutionConfigurationPlatforms) = preSolution
		Debug|Any CPU = Debug|Any CPU
		Debug|x64 = Debug|x64
		Debug|x86 = Debug|x86
		Release|Any CPU = Release|Any CPU
		Release|x64 = Release|x64
		Release|x86 = Release|x86
	EndGlobalSection
	GlobalSection(ProjectConfigurationPlatforms) = postSolution
		{44FC2350-4999-4A9B-9EDF-CF6AB5639C55}.Debug|Any CPU.ActiveCfg = Debug|Any CPU
		{44FC2350-4999-4A9B-9EDF-CF6AB5639C55}.Debug|Any CPU.Build.0 = Debug|Any CPU
		{44FC2350-4999-4A9B-9EDF-CF6AB5639C55}.Debug|x64.ActiveCfg = Debug|x64
		{44FC2350-4999-4A9B-9EDF-CF6AB5639C55}.Debug|x64.Build.0 = Debug|x64
		{44FC2350-4999-4A9B-9EDF-CF6AB5639C55}.Debug|x86.ActiveCfg = Debug|x86
		{44FC2350-4999-4A9B-9EDF-CF6AB5639C55}.Debug|x86.Build.0 = Debug|x86
		{44FC2350-4999-4A9B-9EDF-CF6AB5639C55}.Release|Any CPU.ActiveCfg = Release|Any CPU
		{44FC2350-4999-4A9B-9EDF-CF6AB5639C55}.Release|Any CPU.Build.0 = Release|Any CPU
		{44FC2350-4999-4A9B-9EDF-CF6AB5639C55}.Release|x64.ActiveCfg = Release|x64
		{44FC2350-4999-4A9B-9EDF-CF6AB5639C55}.Release|x64.Build.0 = Release|x64
		{44FC2350-4999-4A9B-9EDF-CF6AB5639C55}.Release|x86.ActiveCfg = Release|x86
		{44FC2350-4999-4A9B-9EDF-CF6AB5639C55}.Release|x86.Build.0 = Release|x86
		{18FC3D2F-C94A-4F26-B10B-B447CA29B557}.Debug|Any CPU.ActiveCfg = Debug|Any CPU
		{18FC3D2F-C94A-4F26-B10B-B447CA29B557}.Debug|Any CPU.Build.0 = Debug|Any CPU
		{18FC3D2F-C94A-4F26-B10B-B447CA29B557}.Debug|x64.ActiveCfg = Debug|x64
		{18FC3D2F-C94A-4F26-B10B-B447CA29B557}.Debug|x64.Build.0 = Debug|x64
		{18FC3D2F-C94A-4F26-B10B-B447CA29B557}.Debug|x86.ActiveCfg = Debug|x86
		{18FC3D2F-C94A-4F26-B10B-B447CA29B557}.Debug|x86.Build.0 = Debug|x86
		{18FC3D2F-C94A-4F26-B10B-B447CA29B557}.Release|Any CPU.ActiveCfg = Release|Any CPU
		{18FC3D2F-C94A-4F26-B10B-B447CA29B557}.Release|Any CPU.Build.0 = Release|Any CPU
		{18FC3D2F-C94A-4F26-B10B-B447CA29B557}.Release|x64.ActiveCfg = Release|x64
		{18FC3D2F-C94A-4F26-B10B-B447CA29B557}.Release|x64.Build.0 = Release|x64
		{18FC3D2F-C94A-4F26-B10B-B447CA29B557}.Release|x86.ActiveCfg = Release|x86
		{18FC3D2F-C94A-4F26-B10B-B447CA29B557}.Release|x86.Build.0 = Release|x86
		{E38E15AA-7EF9-42FD-AACC-F91368094270}.Debug|Any CPU.ActiveCfg = Debug|Any CPU
		{E38E15AA-7EF9-42FD-AACC-F91368094270}.Debug|Any CPU.Build.0 = Debug|Any CPU
		{E38E15AA-7EF9-42FD-AACC-F91368094270}.Debug|x64.ActiveCfg = Debug|x64
		{E38E15AA-7EF9-42FD-AACC-F91368094270}.Debug|x64.Build.0 = Debug|x64
		{E38E15AA-7EF9-42FD-AACC-F91368094270}.Debug|x86.ActiveCfg = Debug|x86
		{E38E15AA-7EF9-42FD-AACC-F91368094270}.Debug|x86.Build.0 = Debug|x86
		{E38E15AA-7EF9-42FD-AACC-F91368094270}.Release|Any CPU.ActiveCfg = Release|Any CPU
		{E38E15AA-7EF9-42FD-AACC-F91368094270}.Release|Any CPU.Build.0 = Release|Any CPU
		{E38E15AA-7EF9-42FD-AACC-F91368094270}.Release|x64.ActiveCfg = Release|x64
		{E38E15AA-7EF9-42FD-AACC-F91368094270}.Release|x64.Build.0 = Release|x64
		{E38E15AA-7EF9-42FD-AACC-F91368094270}.Release|x86.ActiveCfg = Release|x86
		{E38E15AA-7EF9-42FD-AACC-F91368094270}.Release|x86.Build.0 = Release|x86
		{6970B073-ED87-4497-ABF9-AFA01FEBC470}.Debug|Any CPU.ActiveCfg = Debug|Any CPU
		{6970B073-ED87-4497-ABF9-AFA01FEBC470}.Debug|Any CPU.Build.0 = Debug|Any CPU
		{6970B073-ED87-4497-ABF9-AFA01FEBC470}.Debug|x64.ActiveCfg = Debug|x64
		{6970B073-ED87-4497-ABF9-AFA01FEBC470}.Debug|x64.Build.0 = Debug|x64
		{6970B073-ED87-4497-ABF9-AFA01FEBC470}.Debug|x86.ActiveCfg = Debug|x86
		{6970B073-ED87-4497-ABF9-AFA01FEBC470}.Debug|x86.Build.0 = Debug|x86
		{6970B073-ED87-4497-ABF9-AFA01FEBC470}.Release|Any CPU.ActiveCfg = Release|Any CPU
		{6970B073-ED87-4497-ABF9-AFA01FEBC470}.Release|Any CPU.Build.0 = Release|Any CPU
		{6970B073-ED87-4497-ABF9-AFA01FEBC470}.Release|x64.ActiveCfg = Release|x64
		{6970B073-ED87-4497-ABF9-AFA01FEBC470}.Release|x64.Build.0 = Release|x64
		{6970B073-ED87-4497-ABF9-AFA01FEBC470}.Release|x86.ActiveCfg = Release|x86
		{6970B073-ED87-4497-ABF9-AFA01FEBC470}.Release|x86.Build.0 = Release|x86
		{B1BFAC14-54C8-45CA-A184-6FCAD6597B10}.Debug|Any CPU.ActiveCfg = Debug|Any CPU
		{B1BFAC14-54C8-45CA-A184-6FCAD6597B10}.Debug|Any CPU.Build.0 = Debug|Any CPU
		{B1BFAC14-54C8-45CA-A184-6FCAD6597B10}.Debug|x64.ActiveCfg = Debug|x64
		{B1BFAC14-54C8-45CA-A184-6FCAD6597B10}.Debug|x64.Build.0 = Debug|x64
		{B1BFAC14-54C8-45CA-A184-6FCAD6597B10}.Debug|x86.ActiveCfg = Debug|x86
		{B1BFAC14-54C8-45CA-A184-6FCAD6597B10}.Debug|x86.Build.0 = Debug|x86
		{B1BFAC14-54C8-45CA-A184-6FCAD6597B10}.Release|Any CPU.ActiveCfg = Release|Any CPU
		{B1BFAC14-54C8-45CA-A184-6FCAD6597B10}.Release|Any CPU.Build.0 = Release|Any CPU
		{B1BFAC14-54C8-45CA-A184-6FCAD6597B10}.Release|x64.ActiveCfg = Release|x64
		{B1BFAC14-54C8-45CA-A184-6FCAD6597B10}.Release|x64.Build.0 = Release|x64
		{B1BFAC14-54C8-45CA-A184-6FCAD6597B10}.Release|x86.ActiveCfg = Release|x86
		{B1BFAC14-54C8-45CA-A184-6FCAD6597B10}.Release|x86.Build.0 = Release|x86
		{AEF006E8-BC27-41A9-8CD2-896000CF26EF}.Debug|Any CPU.ActiveCfg = Debug|Any CPU
		{AEF006E8-BC27-41A9-8CD2-896000CF26EF}.Debug|Any CPU.Build.0 = Debug|Any CPU
		{AEF006E8-BC27-41A9-8CD2-896000CF26EF}.Debug|x64.ActiveCfg = Debug|x64
		{AEF006E8-BC27-41A9-8CD2-896000CF26EF}.Debug|x64.Build.0 = Debug|x64
		{AEF006E8-BC27-41A9-8CD2-896000CF26EF}.Debug|x86.ActiveCfg = Debug|x86
		{AEF006E8-BC27-41A9-8CD2-896000CF26EF}.Debug|x86.Build.0 = Debug|x86
		{AEF006E8-BC27-41A9-8CD2-896000CF26EF}.Release|Any CPU.ActiveCfg = Release|Any CPU
		{AEF006E8-BC27-41A9-8CD2-896000CF26EF}.Release|Any CPU.Build.0 = Release|Any CPU
		{AEF006E8-BC27-41A9-8CD2-896000CF26EF}.Release|x64.ActiveCfg = Release|x64
		{AEF006E8-BC27-41A9-8CD2-896000CF26EF}.Release|x64.Build.0 = Release|x64
		{AEF006E8-BC27-41A9-8CD2-896000CF26EF}.Release|x86.ActiveCfg = Release|x86
		{AEF006E8-BC27-41A9-8CD2-896000CF26EF}.Release|x86.Build.0 = Release|x86
		{489CCAD0-DDE6-446F-B37E-81573E8E1C43}.Debug|Any CPU.ActiveCfg = Debug|Any CPU
		{489CCAD0-DDE6-446F-B37E-81573E8E1C43}.Debug|Any CPU.Build.0 = Debug|Any CPU
		{489CCAD0-DDE6-446F-B37E-81573E8E1C43}.Debug|x64.ActiveCfg = Debug|x64
		{489CCAD0-DDE6-446F-B37E-81573E8E1C43}.Debug|x64.Build.0 = Debug|x64
		{489CCAD0-DDE6-446F-B37E-81573E8E1C43}.Debug|x86.ActiveCfg = Debug|x86
		{489CCAD0-DDE6-446F-B37E-81573E8E1C43}.Debug|x86.Build.0 = Debug|x86
		{489CCAD0-DDE6-446F-B37E-81573E8E1C43}.Release|Any CPU.ActiveCfg = Release|Any CPU
		{489CCAD0-DDE6-446F-B37E-81573E8E1C43}.Release|Any CPU.Build.0 = Release|Any CPU
		{489CCAD0-DDE6-446F-B37E-81573E8E1C43}.Release|x64.ActiveCfg = Release|x64
		{489CCAD0-DDE6-446F-B37E-81573E8E1C43}.Release|x64.Build.0 = Release|x64
		{489CCAD0-DDE6-446F-B37E-81573E8E1C43}.Release|x86.ActiveCfg = Release|x86
		{489CCAD0-DDE6-446F-B37E-81573E8E1C43}.Release|x86.Build.0 = Release|x86
		{B74CC586-BA7A-4A9E-A030-1E5F8DE7E07F}.Debug|Any CPU.ActiveCfg = Debug|Any CPU
		{B74CC586-BA7A-4A9E-A030-1E5F8DE7E07F}.Debug|Any CPU.Build.0 = Debug|Any CPU
		{B74CC586-BA7A-4A9E-A030-1E5F8DE7E07F}.Debug|x64.ActiveCfg = Debug|x64
		{B74CC586-BA7A-4A9E-A030-1E5F8DE7E07F}.Debug|x64.Build.0 = Debug|x64
		{B74CC586-BA7A-4A9E-A030-1E5F8DE7E07F}.Debug|x86.ActiveCfg = Debug|x86
		{B74CC586-BA7A-4A9E-A030-1E5F8DE7E07F}.Debug|x86.Build.0 = Debug|x86
		{B74CC586-BA7A-4A9E-A030-1E5F8DE7E07F}.Release|Any CPU.ActiveCfg = Release|Any CPU
		{B74CC586-BA7A-4A9E-A030-1E5F8DE7E07F}.Release|Any CPU.Build.0 = Release|Any CPU
		{B74CC586-BA7A-4A9E-A030-1E5F8DE7E07F}.Release|x64.ActiveCfg = Release|x64
		{B74CC586-BA7A-4A9E-A030-1E5F8DE7E07F}.Release|x64.Build.0 = Release|x64
		{B74CC586-BA7A-4A9E-A030-1E5F8DE7E07F}.Release|x86.ActiveCfg = Release|x86
		{B74CC586-BA7A-4A9E-A030-1E5F8DE7E07F}.Release|x86.Build.0 = Release|x86
		{87DF11FA-5A7B-43BE-9946-2D94CBCB2826}.Debug|Any CPU.ActiveCfg = Debug|Any CPU
		{87DF11FA-5A7B-43BE-9946-2D94CBCB2826}.Debug|Any CPU.Build.0 = Debug|Any CPU
		{87DF11FA-5A7B-43BE-9946-2D94CBCB2826}.Debug|x64.ActiveCfg = Debug|x64
		{87DF11FA-5A7B-43BE-9946-2D94CBCB2826}.Debug|x64.Build.0 = Debug|x64
		{87DF11FA-5A7B-43BE-9946-2D94CBCB2826}.Debug|x86.ActiveCfg = Debug|x86
		{87DF11FA-5A7B-43BE-9946-2D94CBCB2826}.Debug|x86.Build.0 = Debug|x86
		{87DF11FA-5A7B-43BE-9946-2D94CBCB2826}.Release|Any CPU.ActiveCfg = Release|Any CPU
		{87DF11FA-5A7B-43BE-9946-2D94CBCB2826}.Release|Any CPU.Build.0 = Release|Any CPU
		{87DF11FA-5A7B-43BE-9946-2D94CBCB2826}.Release|x64.ActiveCfg = Release|x64
		{87DF11FA-5A7B-43BE-9946-2D94CBCB2826}.Release|x64.Build.0 = Release|x64
		{87DF11FA-5A7B-43BE-9946-2D94CBCB2826}.Release|x86.ActiveCfg = Release|x86
		{87DF11FA-5A7B-43BE-9946-2D94CBCB2826}.Release|x86.Build.0 = Release|x86
		{703EA8A7-E647-45B4-8F94-DB9D4F60F5B6}.Debug|Any CPU.ActiveCfg = Debug|Any CPU
		{703EA8A7-E647-45B4-8F94-DB9D4F60F5B6}.Debug|Any CPU.Build.0 = Debug|Any CPU
		{703EA8A7-E647-45B4-8F94-DB9D4F60F5B6}.Debug|x64.ActiveCfg = Debug|x64
		{703EA8A7-E647-45B4-8F94-DB9D4F60F5B6}.Debug|x64.Build.0 = Debug|x64
		{703EA8A7-E647-45B4-8F94-DB9D4F60F5B6}.Debug|x86.ActiveCfg = Debug|x86
		{703EA8A7-E647-45B4-8F94-DB9D4F60F5B6}.Debug|x86.Build.0 = Debug|x86
		{703EA8A7-E647-45B4-8F94-DB9D4F60F5B6}.Release|Any CPU.ActiveCfg = Release|Any CPU
		{703EA8A7-E647-45B4-8F94-DB9D4F60F5B6}.Release|Any CPU.Build.0 = Release|Any CPU
		{703EA8A7-E647-45B4-8F94-DB9D4F60F5B6}.Release|x64.ActiveCfg = Release|x64
		{703EA8A7-E647-45B4-8F94-DB9D4F60F5B6}.Release|x64.Build.0 = Release|x64
		{703EA8A7-E647-45B4-8F94-DB9D4F60F5B6}.Release|x86.ActiveCfg = Release|x86
		{703EA8A7-E647-45B4-8F94-DB9D4F60F5B6}.Release|x86.Build.0 = Release|x86
		{3BF2FB63-DE3F-4DA4-AEBD-B968902AD325}.Debug|Any CPU.ActiveCfg = Debug|Any CPU
		{3BF2FB63-DE3F-4DA4-AEBD-B968902AD325}.Debug|Any CPU.Build.0 = Debug|Any CPU
		{3BF2FB63-DE3F-4DA4-AEBD-B968902AD325}.Debug|x64.ActiveCfg = Debug|x64
		{3BF2FB63-DE3F-4DA4-AEBD-B968902AD325}.Debug|x64.Build.0 = Debug|x64
		{3BF2FB63-DE3F-4DA4-AEBD-B968902AD325}.Debug|x86.ActiveCfg = Debug|x86
		{3BF2FB63-DE3F-4DA4-AEBD-B968902AD325}.Debug|x86.Build.0 = Debug|x86
		{3BF2FB63-DE3F-4DA4-AEBD-B968902AD325}.Release|Any CPU.ActiveCfg = Release|Any CPU
		{3BF2FB63-DE3F-4DA4-AEBD-B968902AD325}.Release|Any CPU.Build.0 = Release|Any CPU
		{3BF2FB63-DE3F-4DA4-AEBD-B968902AD325}.Release|x64.ActiveCfg = Release|x64
		{3BF2FB63-DE3F-4DA4-AEBD-B968902AD325}.Release|x64.Build.0 = Release|x64
		{3BF2FB63-DE3F-4DA4-AEBD-B968902AD325}.Release|x86.ActiveCfg = Release|x86
		{3BF2FB63-DE3F-4DA4-AEBD-B968902AD325}.Release|x86.Build.0 = Release|x86
		{F8E9C9D1-4A7B-4D8C-B5F3-2E6A9C8D1B2F}.Debug|Any CPU.ActiveCfg = Debug|Any CPU
		{F8E9C9D1-4A7B-4D8C-B5F3-2E6A9C8D1B2F}.Debug|Any CPU.Build.0 = Debug|Any CPU
		{F8E9C9D1-4A7B-4D8C-B5F3-2E6A9C8D1B2F}.Debug|x64.ActiveCfg = Debug|x64
		{F8E9C9D1-4A7B-4D8C-B5F3-2E6A9C8D1B2F}.Debug|x64.Build.0 = Debug|x64
		{F8E9C9D1-4A7B-4D8C-B5F3-2E6A9C8D1B2F}.Debug|x86.ActiveCfg = Debug|x86
		{F8E9C9D1-4A7B-4D8C-B5F3-2E6A9C8D1B2F}.Debug|x86.Build.0 = Debug|x86
		{F8E9C9D1-4A7B-4D8C-B5F3-2E6A9C8D1B2F}.Release|Any CPU.ActiveCfg = Release|Any CPU
		{F8E9C9D1-4A7B-4D8C-B5F3-2E6A9C8D1B2F}.Release|Any CPU.Build.0 = Release|Any CPU
		{F8E9C9D1-4A7B-4D8C-B5F3-2E6A9C8D1B2F}.Release|x64.ActiveCfg = Release|x64
		{F8E9C9D1-4A7B-4D8C-B5F3-2E6A9C8D1B2F}.Release|x64.Build.0 = Release|x64
		{F8E9C9D1-4A7B-4D8C-B5F3-2E6A9C8D1B2F}.Release|x86.ActiveCfg = Release|x86
		{F8E9C9D1-4A7B-4D8C-B5F3-2E6A9C8D1B2F}.Release|x86.Build.0 = Release|x86
		{E19FEBF5-674E-4134-BF92-8B15A7F3BA5C}.Debug|Any CPU.ActiveCfg = Debug|Any CPU
		{E19FEBF5-674E-4134-BF92-8B15A7F3BA5C}.Debug|Any CPU.Build.0 = Debug|Any CPU
		{E19FEBF5-674E-4134-BF92-8B15A7F3BA5C}.Debug|x64.ActiveCfg = Debug|x64
		{E19FEBF5-674E-4134-BF92-8B15A7F3BA5C}.Debug|x64.Build.0 = Debug|x64
		{E19FEBF5-674E-4134-BF92-8B15A7F3BA5C}.Debug|x86.ActiveCfg = Debug|x86
		{E19FEBF5-674E-4134-BF92-8B15A7F3BA5C}.Debug|x86.Build.0 = Debug|x86
		{E19FEBF5-674E-4134-BF92-8B15A7F3BA5C}.Release|Any CPU.ActiveCfg = Release|Any CPU
		{E19FEBF5-674E-4134-BF92-8B15A7F3BA5C}.Release|Any CPU.Build.0 = Release|Any CPU
		{E19FEBF5-674E-4134-BF92-8B15A7F3BA5C}.Release|x64.ActiveCfg = Release|x64
		{E19FEBF5-674E-4134-BF92-8B15A7F3BA5C}.Release|x64.Build.0 = Release|x64
		{E19FEBF5-674E-4134-BF92-8B15A7F3BA5C}.Release|x86.ActiveCfg = Release|x86
		{E19FEBF5-674E-4134-BF92-8B15A7F3BA5C}.Release|x86.Build.0 = Release|x86
	EndGlobalSection
	GlobalSection(SolutionProperties) = preSolution
		HideSolutionNode = FALSE
	EndGlobalSection
	GlobalSection(NestedProjects) = preSolution
		{44FC2350-4999-4A9B-9EDF-CF6AB5639C55} = {FA60440D-3003-4C19-92A9-F08490B6AEC7}
		{3BF2FB63-DE3F-4DA4-AEBD-B968902AD325} = {FA60440D-3003-4C19-92A9-F08490B6AEC7}
		{F8E9C9D1-4A7B-4D8C-B5F3-2E6A9C8D1B2F} = {FA60440D-3003-4C19-92A9-F08490B6AEC7}
		{91D58AC8-D51A-4C58-B890-8DB59D58E4E3} = {8E643B2A-E5CD-4CE8-B7D6-79C93069F863}
		{4A960D64-0B81-489D-8F27-FC4B296A9697} = {8E643B2A-E5CD-4CE8-B7D6-79C93069F863}
		{E19FEBF5-674E-4134-BF92-8B15A7F3BA5C} = {FA60440D-3003-4C19-92A9-F08490B6AEC7}
	EndGlobalSection
	GlobalSection(ExtensibilityGlobals) = postSolution
		SolutionGuid = {440AB277-6F60-499B-96D2-0953EEAE9C0C}
	EndGlobalSection
EndGlobal
